{
  "name": "abstractplay-front-fixture",
  "lockfileVersion": 3,
  "requires": true,
  "packages": {
    "": {
      "name": "abstractplay-front-fixture",
      "dependencies": {
        "@abstractplay/gameslib": "1.0.0-ci-100.0",
        "@abstractplay/renderer": "1.0.0-ci-99.0"
      }
    },
    "node_modules/@abstractplay/gameslib": {
      "version": "1.0.0-ci-100.0",
      "resolved": "https://example.invalid/gameslib.tgz",
      "integrity": "sha512-test"
    },
    "node_modules/@abstractplay/renderer": {
      "version": "1.0.0-ci-99.0",
      "resolved": "https://example.invalid/renderer.tgz",
      "integrity": "sha512-test"
    }
  }
}
